
Microsoft Visual Studio Solution File, Format Version 12.00
# Visual Studio Version 17
VisualStudioVersion = 17.6.33815.320
MinimumVisualStudioVersion = 10.0.40219.1
Project("{FAE04EC0-301F-11D3-BF4B-00C04F79EFBC}") = "Reflection", "Reflection\Reflection.csproj", "{ABA13DF8-9819-4D59-9760-7F88248AF74D}"
EndProject
Global
	GlobalSection(SolutionConfigurationPlatforms) = preSolution
		Debug|Any CPU = Debug|Any CPU
		Release|Any CPU = Release|Any CPU
	EndGlobalSection
	GlobalSection(ProjectConfigurationPlatforms) = postSolution
		{ABA13DF8-9819-4D59-9760-7F88248AF74D}.Debug|Any CPU.ActiveCfg = Debug|Any CPU
		{ABA13DF8-9819-4D59-9760-7F88248AF74D}.Debug|Any CPU.Build.0 = Debug|Any CPU
		{ABA13DF8-9819-4D59-9760-7F88248AF74D}.Release|Any CPU.ActiveCfg = Release|Any CPU
		{ABA13DF8-9819-4D59-9760-7F88248AF74D}.Release|Any CPU.Build.0 = Release|Any CPU
	EndGlobalSection
	GlobalSection(SolutionProperties) = preSolution
		HideSolutionNode = FALSE
	EndGlobalSection
	GlobalSection(ExtensibilityGlobals) = postSolution
		SolutionGuid = {09B779A7-623F-4A22-8CF4-95033508B470}
	EndGlobalSection
EndGlobal
